PODS:
  - FlutterMacOS (1.0.0)
  - libbird (0.0.1):
    - FlutterMacOS

DEPENDENCIES:
  - FlutterMacOS (from `Flutter/ephemeral`)
  - libbird (from `Flutter/ephemeral/.symlinks/plugins/libbird/macos`)

EXTERNAL SOURCES:
  FlutterMacOS:
    :path: Flutter/ephemeral
  libbird:
    :path: Flutter/ephemeral/.symlinks/plugins/libbird/macos

SPEC CHECKSUMS:
  FlutterMacOS: d0db08ddef1a9af05a5ec4b724367152bb0500b1
  libbird: 057a952dabddadd91385980509dd4e72b95b59ac

PODFILE CHECKSUM: 346bfb2deb41d4a6ebd6f6799f92188bde2d246f

COCOAPODS: 1.16.2
