PODS:
  - FlutterMacOS (1.0.0)
  - ladybird (0.0.1):
    - FlutterMacOS

DEPENDENCIES:
  - FlutterMacOS (from `Flutter/ephemeral`)
  - ladybird (from `Flutter/ephemeral/.symlinks/plugins/ladybird/macos`)

EXTERNAL SOURCES:
  FlutterMacOS:
    :path: Flutter/ephemeral
  ladybird:
    :path: Flutter/ephemeral/.symlinks/plugins/ladybird/macos

SPEC CHECKSUMS:
  FlutterMacOS: d0db08ddef1a9af05a5ec4b724367152bb0500b1
  ladybird: a7d4fb20e5700fcc3421462204b9e83cc9daa311

PODFILE CHECKSUM: 9d14873f25d29bd08c2afee4b0fb9d10a1bf5ce5

COCOAPODS: 1.16.2
