PODS:
  - FlutterMacOS (1.0.0)
  - ladybird (0.0.1):
    - FlutterMacOS
  - screen_retriever_macos (0.0.1):
    - FlutterMacOS

DEPENDENCIES:
  - FlutterMacOS (from `Flutter/ephemeral`)
  - ladybird (from `Flutter/ephemeral/.symlinks/plugins/ladybird/macos`)
  - screen_retriever_macos (from `Flutter/ephemeral/.symlinks/plugins/screen_retriever_macos/macos`)

EXTERNAL SOURCES:
  FlutterMacOS:
    :path: Flutter/ephemeral
  ladybird:
    :path: Flutter/ephemeral/.symlinks/plugins/ladybird/macos
  screen_retriever_macos:
    :path: Flutter/ephemeral/.symlinks/plugins/screen_retriever_macos/macos

SPEC CHECKSUMS:
  FlutterMacOS: d0db08ddef1a9af05a5ec4b724367152bb0500b1
  ladybird: fa78b8a9116557ecf9e9c5e47f866929901515f8
  screen_retriever_macos: 452e51764a9e1cdb74b3c541238795849f21557f

PODFILE CHECKSUM: c3dfa49fe1718ff539b25a86b1e83753ef88ae4d

COCOAPODS: 1.16.2
